
Microsoft Visual Studio Solution File, Format Version 12.00
# Visual Studio 14
VisualStudioVersion = 14.0.25420.1
MinimumVisualStudioVersion = 10.0.40219.1
Project("{2150E333-8FDC-42A3-9474-1A3956D46DE8}") = "src", "src", "{39C7EE2F-7B22-47F8-921E-318C80F2BE09}"
EndProject
Project("{2150E333-8FDC-42A3-9474-1A3956D46DE8}") = "Services", "Services", "{A0355486-5BAF-4C1B-8AE4-A08CCF452085}"
EndProject
Project("{2150E333-8FDC-42A3-9474-1A3956D46DE8}") = "Alert", "Alert", "{A83A0556-7986-4F14-BC64-99145A2D33F6}"
EndProject
Project("{2150E333-8FDC-42A3-9474-1A3956D46DE8}") = "Mobile Apps", "Mobile Apps", "{20FE8F8C-5859-4419-BE23-7B66A812C5BA}"
EndProject
Project("{2150E333-8FDC-42A3-9474-1A3956D46DE8}") = "Web Apps", "Web Apps", "{8AEE4828-ACF3-4CDB-988E-E999EA5820CA}"
EndProject
Project("{2150E333-8FDC-42A3-9474-1A3956D46DE8}") = "test", "test", "{3CA194ED-3E88-4322-B2C2-A58602EA8333}"
EndProject
Project("{2150E333-8FDC-42A3-9474-1A3956D46DE8}") = "UX", "UX", "{0D79C7A8-94AD-413C-B020-60829E89B6FA}"
EndProject
Project("{2150E333-8FDC-42A3-9474-1A3956D46DE8}") = "Angular", "Angular", "{28974EBB-BC9E-47C8-85BA-85E8FCF578B4}"
EndProject
Project("{2150E333-8FDC-42A3-9474-1A3956D46DE8}") = "React", "React", "{ADF70FA2-FE61-4135-BE5E-0BB465CF7C78}"
EndProject
Project("{2150E333-8FDC-42A3-9474-1A3956D46DE8}") = "Windows", "Windows", "{C9FC727F-60F7-4A87-B22C-D72A9EF648EB}"
EndProject
Project("{2150E333-8FDC-42A3-9474-1A3956D46DE8}") = "Identity", "Identity", "{243CAB8C-2584-44FB-81C8-9556D4CA8081}"
EndProject
Project("{2150E333-8FDC-42A3-9474-1A3956D46DE8}") = "Utility", "Utility", "{CA8325AE-4CCB-4AC4-9DB7-848D5DEED9B7}"
EndProject
Global
	GlobalSection(SolutionProperties) = preSolution
		HideSolutionNode = FALSE
	EndGlobalSection
	GlobalSection(NestedProjects) = preSolution
		{A0355486-5BAF-4C1B-8AE4-A08CCF452085} = {39C7EE2F-7B22-47F8-921E-318C80F2BE09}
		{A83A0556-7986-4F14-BC64-99145A2D33F6} = {A0355486-5BAF-4C1B-8AE4-A08CCF452085}
		{20FE8F8C-5859-4419-BE23-7B66A812C5BA} = {39C7EE2F-7B22-47F8-921E-318C80F2BE09}
		{8AEE4828-ACF3-4CDB-988E-E999EA5820CA} = {39C7EE2F-7B22-47F8-921E-318C80F2BE09}
		{3CA194ED-3E88-4322-B2C2-A58602EA8333} = {39C7EE2F-7B22-47F8-921E-318C80F2BE09}
		{0D79C7A8-94AD-413C-B020-60829E89B6FA} = {39C7EE2F-7B22-47F8-921E-318C80F2BE09}
		{28974EBB-BC9E-47C8-85BA-85E8FCF578B4} = {0D79C7A8-94AD-413C-B020-60829E89B6FA}
		{ADF70FA2-FE61-4135-BE5E-0BB465CF7C78} = {0D79C7A8-94AD-413C-B020-60829E89B6FA}
		{C9FC727F-60F7-4A87-B22C-D72A9EF648EB} = {39C7EE2F-7B22-47F8-921E-318C80F2BE09}
		{243CAB8C-2584-44FB-81C8-9556D4CA8081} = {A0355486-5BAF-4C1B-8AE4-A08CCF452085}
		{CA8325AE-4CCB-4AC4-9DB7-848D5DEED9B7} = {39C7EE2F-7B22-47F8-921E-318C80F2BE09}
	EndGlobalSection
	GlobalSection(ExtensibilityGlobals) = postSolution
		SolutionGuid = {18A00EC4-D3CA-445D-93ED-6BA93D61313E}
	EndGlobalSection
EndGlobal
